
Microsoft Visual Studio Solution File, Format Version 12.00
# Visual Studio Version 16
VisualStudioVersion = 16.0.32106.194
MinimumVisualStudioVersion = 10.0.40219.1
Project("{FAE04EC0-301F-11D3-BF4B-00C04F79EFBC}") = "opentk_example", "opentk_example\opentk_example.csproj", "{FDD1454F-1B03-4194-981C-D97055186071}"
EndProject
Global
	GlobalSection(SolutionConfigurationPlatforms) = preSolution
		Debug|Any CPU = Debug|Any CPU
		Release|Any CPU = Release|Any CPU
	EndGlobalSection
	GlobalSection(ProjectConfigurationPlatforms) = postSolution
		{FDD1454F-1B03-4194-981C-D97055186071}.Debug|Any CPU.ActiveCfg = Debug|Any CPU
		{FDD1454F-1B03-4194-981C-D97055186071}.Debug|Any CPU.Build.0 = Debug|Any CPU
		{FDD1454F-1B03-4194-981C-D97055186071}.Release|Any CPU.ActiveCfg = Release|Any CPU
		{FDD1454F-1B03-4194-981C-D97055186071}.Release|Any CPU.Build.0 = Release|Any CPU
	EndGlobalSection
	GlobalSection(SolutionProperties) = preSolution
		HideSolutionNode = FALSE
	EndGlobalSection
	GlobalSection(ExtensibilityGlobals) = postSolution
		SolutionGuid = {4C5E532D-8B40-4E40-B59C-FCFF74B98F1F}
	EndGlobalSection
EndGlobal
